name: Deploy RapYard

on:
  push:
    branches:
      - main

concurrency:
  group: production
  cancel-in-progress: true

permissions:
  contents: read

jobs:
  deploy:
    runs-on: ubuntu-latest
    timeout-minutes: 30

    defaults:
      run:
        working-directory: rapyard

    steps:
      - uses: actions/checkout@v4

      - uses: pnpm/action-setup@v4
        with:
          version: 11

      - uses: actions/setup-node@v4
        with:
          node-version: 22
          cache: pnpm
          cache-dependency-path: rapyard/pnpm-lock.yaml

      - name: Install dependencies
        run: pnpm install --frozen-lockfile

      - name: Build
        run: pnpm run cf:build
        env:
          NEXT_PUBLIC_SUPABASE_URL: ${{ secrets.NEXT_PUBLIC_SUPABASE_URL }}
          NEXT_PUBLIC_SUPABASE_ANON_KEY: ${{ secrets.NEXT_PUBLIC_SUPABASE_ANON_KEY }}
          SUPABASE_SERVICE_ROLE_KEY: ${{ secrets.SUPABASE_SERVICE_ROLE_KEY }}

      - name: Deploy
        run: pnpm exec wrangler deploy --config wrangler.jsonc
        env:
          CLOUDFLARE_API_TOKEN: ${{ secrets.CLOUDFLARE_API_TOKEN }}
          CLOUDFLARE_ACCOUNT_ID: ${{ 31ce2f0fca1676b9f8595c88fabd6e8a }}